#type: entities
#title: Alarm Clock
#show_header_toggle: false
#entities:
#  - input_boolean.alarm_clock
#  - input_select.alarm_clock_time
#  - input_select.alarm_clock_light
#  - input_select.alarm_clock_sound
#  - input_boolean.alarm_coffee

type: entities
title: Alarm Clock
show_header_toggle: false
entities:
  - input_boolean.alarm_clock
  - input_select.alarm_clock_time
